
Microsoft Visual Studio Solution File, Format Version 12.00
# Visual Studio Version 16
VisualStudioVersion = 16.0.30907.101
MinimumVisualStudioVersion = 10.0.40219.1
Project("{FAE04EC0-301F-11D3-BF4B-00C04F79EFBC}") = "Cookbook", "Cookbook\Cookbook.csproj", "{FD6E4A8C-F27A-4B94-B357-874E4B155DA2}"
EndProject
Global
	GlobalSection(SolutionConfigurationPlatforms) = preSolution
		Debug|Any CPU = Debug|Any CPU
		Release|Any CPU = Release|Any CPU
	EndGlobalSection
	GlobalSection(ProjectConfigurationPlatforms) = postSolution
		{FD6E4A8C-F27A-4B94-B357-874E4B155DA2}.Debug|Any CPU.ActiveCfg = Debug|Any CPU
		{FD6E4A8C-F27A-4B94-B357-874E4B155DA2}.Debug|Any CPU.Build.0 = Debug|Any CPU
		{FD6E4A8C-F27A-4B94-B357-874E4B155DA2}.Release|Any CPU.ActiveCfg = Release|Any CPU
		{FD6E4A8C-F27A-4B94-B357-874E4B155DA2}.Release|Any CPU.Build.0 = Release|Any CPU
	EndGlobalSection
	GlobalSection(SolutionProperties) = preSolution
		HideSolutionNode = FALSE
	EndGlobalSection
	GlobalSection(ExtensibilityGlobals) = postSolution
		SolutionGuid = {0082BE9B-16B4-44DB-8444-F54FF11ACDFD}
	EndGlobalSection
EndGlobal
